
Microsoft Visual Studio Solution File, Format Version 12.00
# Visual Studio Version 17
VisualStudioVersion = 17.3.32825.248
MinimumVisualStudioVersion = 10.0.40219.1
Project("{8BC9CEB8-8B4A-11D0-8D11-00A0C91BC942}") = "hw9", "hw9\hw9.vcxproj", "{B7E3FF82-68A7-48BE-A5F7-5669CA2BF186}"
EndProject
Global
	GlobalSection(SolutionConfigurationPlatforms) = preSolution
		Debug|x64 = Debug|x64
		Debug|x86 = Debug|x86
		Release|x64 = Release|x64
		Release|x86 = Release|x86
	EndGlobalSection
	GlobalSection(ProjectConfigurationPlatforms) = postSolution
		{B7E3FF82-68A7-48BE-A5F7-5669CA2BF186}.Debug|x64.ActiveCfg = Debug|x64
		{B7E3FF82-68A7-48BE-A5F7-5669CA2BF186}.Debug|x64.Build.0 = Debug|x64
		{B7E3FF82-68A7-48BE-A5F7-5669CA2BF186}.Debug|x86.ActiveCfg = Debug|Win32
		{B7E3FF82-68A7-48BE-A5F7-5669CA2BF186}.Debug|x86.Build.0 = Debug|Win32
		{B7E3FF82-68A7-48BE-A5F7-5669CA2BF186}.Release|x64.ActiveCfg = Release|x64
		{B7E3FF82-68A7-48BE-A5F7-5669CA2BF186}.Release|x64.Build.0 = Release|x64
		{B7E3FF82-68A7-48BE-A5F7-5669CA2BF186}.Release|x86.ActiveCfg = Release|Win32
		{B7E3FF82-68A7-48BE-A5F7-5669CA2BF186}.Release|x86.Build.0 = Release|Win32
	EndGlobalSection
	GlobalSection(SolutionProperties) = preSolution
		HideSolutionNode = FALSE
	EndGlobalSection
	GlobalSection(ExtensibilityGlobals) = postSolution
		SolutionGuid = {2ECA06EC-5699-40D2-AD62-216751C08F4C}
	EndGlobalSection
EndGlobal
